
Microsoft Visual Studio Solution File, Format Version 12.00
# Visual Studio Version 16
VisualStudioVersion = 16.0.29926.136
MinimumVisualStudioVersion = 10.0.40219.1
Project("{FAE04EC0-301F-11D3-BF4B-00C04F79EFBC}") = "SwaggerTest", "SwaggerTest\SwaggerTest.csproj", "{83519834-5A10-41B7-B07D-2C421423D806}"
EndProject
Global
	GlobalSection(SolutionConfigurationPlatforms) = preSolution
		Debug|Any CPU = Debug|Any CPU
		Release|Any CPU = Release|Any CPU
	EndGlobalSection
	GlobalSection(ProjectConfigurationPlatforms) = postSolution
		{83519834-5A10-41B7-B07D-2C421423D806}.Debug|Any CPU.ActiveCfg = Debug|Any CPU
		{83519834-5A10-41B7-B07D-2C421423D806}.Debug|Any CPU.Build.0 = Debug|Any CPU
		{83519834-5A10-41B7-B07D-2C421423D806}.Release|Any CPU.ActiveCfg = Release|Any CPU
		{83519834-5A10-41B7-B07D-2C421423D806}.Release|Any CPU.Build.0 = Release|Any CPU
	EndGlobalSection
	GlobalSection(SolutionProperties) = preSolution
		HideSolutionNode = FALSE
	EndGlobalSection
	GlobalSection(ExtensibilityGlobals) = postSolution
		SolutionGuid = {88F1C327-AC6D-471E-9D3A-BBF688717C01}
	EndGlobalSection
EndGlobal
